// !$*UTF8*$!
{
	archiveVersion = 1;
	classes = {
	};
	objectVersion = 46;
	objects = {

/* Begin PBXBuildFile section */
		533ED3001528C4840005C6FA /* UIKit.framework in Frameworks */ = {isa = PBXBuildFile; fileRef = 533ED2FF1528C4840005C6FA /* UIKit.framework */; };
		533ED3021528C4840005C6FA /* Foundation.framework in Frameworks */ = {isa = PBXBuildFile; fileRef = 533ED3011528C4840005C6FA /* Foundation.framework */; };
		533ED3041528C4840005C6FA /* CoreGraphics.framework in Frameworks */ = {isa = PBXBuildFile; fileRef = 533ED3031528C4840005C6FA /* CoreGraphics.framework */; };
		533ED30A1528C4840005C6FA /* InfoPlist.strings in Resources */ = {isa = PBXBuildFile; fileRef = 533ED3081528C4840005C6FA /* InfoPlist.strings */; };
		533ED30C1528C4840005C6FA /* main.m in Sources */ = {isa = PBXBuildFile; fileRef = 533ED30B1528C4840005C6FA /* main.m */; };
		533ED3101528C4840005C6FA /* AppDelegate.m in Sources */ = {isa = PBXBuildFile; fileRef = 533ED30F1528C4840005C6FA /* AppDelegate.m */; };
		533ED3131528C4840005C6FA /* ViewController.m in Sources */ = {isa = PBXBuildFile; fileRef = 533ED3121528C4840005C6FA /* ViewController.m */; };
		533ED3161528C4840005C6FA /* ViewController_iPhone.xib in Resources */ = {isa = PBXBuildFile; fileRef = 533ED3141528C4840005C6FA /* ViewController_iPhone.xib */; };
		533ED3191528C4840005C6FA /* ViewController_iPad.xib in Resources */ = {isa = PBXBuildFile; fileRef = 533ED3171528C4840005C6FA /* ViewController_iPad.xib */; };
		533ED3201528C4950005C6FA /* Icon.png in Resources */ = {isa = PBXBuildFile; fileRef = 533ED31F1528C4950005C6FA /* Icon.png */; };
		533ED3221528C4960005C6FA /* Icon@2x.png in Resources */ = {isa = PBXBuildFile; fileRef = 533ED3211528C4960005C6FA /* Icon@2x.png */; };
		533ED3261528C4FA0005C6FA /* Icon~ipad.png in Resources */ = {isa = PBXBuildFile; fileRef = 533ED3251528C4FA0005C6FA /* Icon~ipad.png */; };
		533ED3281528C5140005C6FA /* Icon~iPad@2x.png in Resources */ = {isa = PBXBuildFile; fileRef = 533ED3271528C5140005C6FA /* Icon~iPad@2x.png */; };
		533ED32C1528C53B0005C6FA /* libcrypto.a in Frameworks */ = {isa = PBXBuildFile; fileRef = 533ED32A1528C53B0005C6FA /* libcrypto.a */; };
		533ED32D1528C53B0005C6FA /* libssl.a in Frameworks */ = {isa = PBXBuildFile; fileRef = 533ED32B1528C53B0005C6FA /* libssl.a */; };
		D68EB742158EF6AE0094053F /* libzbar.a in Frameworks */ = {isa = PBXBuildFile; fileRef = D68EB73C158EF6AE0094053F /* libzbar.a */; };
		D68EB743158EF6AE0094053F /* zbar-back.png in Resources */ = {isa = PBXBuildFile; fileRef = D68EB73E158EF6AE0094053F /* zbar-back.png */; };
		D68EB744158EF6AE0094053F /* zbar-help.html in Resources */ = {isa = PBXBuildFile; fileRef = D68EB73F158EF6AE0094053F /* zbar-help.html */; };
		D68EB745158EF6AE0094053F /* zbar-helpicons.png in Resources */ = {isa = PBXBuildFile; fileRef = D68EB740158EF6AE0094053F /* zbar-helpicons.png */; };
		D68EB746158EF6AE0094053F /* zbar-samples.png in Resources */ = {isa = PBXBuildFile; fileRef = D68EB741158EF6AE0094053F /* zbar-samples.png */; };
		D68EB749158EF6E50094053F /* AVFoundation.framework in Frameworks */ = {isa = PBXBuildFile; fileRef = D68EB748158EF6E50094053F /* AVFoundation.framework */; };
		D68EB74B158EF6F10094053F /* CoreMedia.framework in Frameworks */ = {isa = PBXBuildFile; fileRef = D68EB74A158EF6F10094053F /* CoreMedia.framework */; settings = {ATTRIBUTES = (Required, ); }; };
		D68EB74D158EF6FC0094053F /* CoreVideo.framework in Frameworks */ = {isa = PBXBuildFile; fileRef = D68EB74C158EF6FC0094053F /* CoreVideo.framework */; };
		D68EB74F158EF7040094053F /* QuartzCore.framework in Frameworks */ = {isa = PBXBuildFile; fileRef = D68EB74E158EF7040094053F /* QuartzCore.framework */; };
		D68EB751158EF70C0094053F /* libiconv.dylib in Frameworks */ = {isa = PBXBuildFile; fileRef = D68EB750158EF70C0094053F /* libiconv.dylib */; };
		D6BC5A7E158EBFCB0003E83A /* private_key.pem in Resources */ = {isa = PBXBuildFile; fileRef = D6BC5A7D158EBFCB0003E83A /* private_key.pem */; };
/* End PBXBuildFile section */

/* Begin PBXFileReference section */
		533ED2FB1528C4840005C6FA /* OpenSSL.app */ = {isa = PBXFileReference; explicitFileType = wrapper.application; includeInIndex = 0; path = OpenSSL.app; sourceTree = BUILT_PRODUCTS_DIR; };
		533ED2FF1528C4840005C6FA /* UIKit.framework */ = {isa = PBXFileReference; lastKnownFileType = wrapper.framework; name = UIKit.framework; path = System/Library/Frameworks/UIKit.framework; sourceTree = SDKROOT; };
		533ED3011528C4840005C6FA /* Foundation.framework */ = {isa = PBXFileReference; lastKnownFileType = wrapper.framework; name = Foundation.framework; path = System/Library/Frameworks/Foundation.framework; sourceTree = SDKROOT; };
		533ED3031528C4840005C6FA /* CoreGraphics.framework */ = {isa = PBXFileReference; lastKnownFileType = wrapper.framework; name = CoreGraphics.framework; path = System/Library/Frameworks/CoreGraphics.framework; sourceTree = SDKROOT; };
		533ED3071528C4840005C6FA /* OpenSSL-for-iOS-Info.plist */ = {isa = PBXFileReference; lastKnownFileType = text.plist.xml; path = "OpenSSL-for-iOS-Info.plist"; sourceTree = "<group>"; };
		533ED3091528C4840005C6FA /* en */ = {isa = PBXFileReference; lastKnownFileType = text.plist.strings; name = en; path = en.lproj/InfoPlist.strings; sourceTree = "<group>"; };
		533ED30B1528C4840005C6FA /* main.m */ = {isa = PBXFileReference; lastKnownFileType = sourcecode.c.objc; path = main.m; sourceTree = "<group>"; };
		533ED30D1528C4840005C6FA /* OpenSSL-for-iOS-Prefix.pch */ = {isa = PBXFileReference; lastKnownFileType = sourcecode.c.h; path = "OpenSSL-for-iOS-Prefix.pch"; sourceTree = "<group>"; };
		533ED30E1528C4840005C6FA /* AppDelegate.h */ = {isa = PBXFileReference; lastKnownFileType = sourcecode.c.h; path = AppDelegate.h; sourceTree = "<group>"; };
		533ED30F1528C4840005C6FA /* AppDelegate.m */ = {isa = PBXFileReference; lastKnownFileType = sourcecode.c.objc; path = AppDelegate.m; sourceTree = "<group>"; };
		533ED3111528C4840005C6FA /* ViewController.h */ = {isa = PBXFileReference; lastKnownFileType = sourcecode.c.h; path = ViewController.h; sourceTree = "<group>"; };
		533ED3121528C4840005C6FA /* ViewController.m */ = {isa = PBXFileReference; lastKnownFileType = sourcecode.c.objc; path = ViewController.m; sourceTree = "<group>"; };
		533ED3151528C4840005C6FA /* en */ = {isa = PBXFileReference; lastKnownFileType = file.xib; name = en; path = en.lproj/ViewController_iPhone.xib; sourceTree = "<group>"; };
		533ED3181528C4840005C6FA /* en */ = {isa = PBXFileReference; lastKnownFileType = file.xib; name = en; path = en.lproj/ViewController_iPad.xib; sourceTree = "<group>"; };
		533ED31F1528C4950005C6FA /* Icon.png */ = {isa = PBXFileReference; lastKnownFileType = image.png; name = Icon.png; path = ../Icon.png; sourceTree = "<group>"; };
		533ED3211528C4960005C6FA /* Icon@2x.png */ = {isa = PBXFileReference; lastKnownFileType = image.png; name = "Icon@2x.png"; path = "../Icon@2x.png"; sourceTree = "<group>"; };
		533ED3251528C4FA0005C6FA /* Icon~ipad.png */ = {isa = PBXFileReference; lastKnownFileType = image.png; name = "Icon~ipad.png"; path = "../Icon~ipad.png"; sourceTree = "<group>"; };
		533ED3271528C5140005C6FA /* Icon~iPad@2x.png */ = {isa = PBXFileReference; lastKnownFileType = image.png; name = "Icon~iPad@2x.png"; path = "../Icon~iPad@2x.png"; sourceTree = "<group>"; };
		533ED32A1528C53B0005C6FA /* libcrypto.a */ = {isa = PBXFileReference; lastKnownFileType = archive.ar; name = libcrypto.a; path = lib/libcrypto.a; sourceTree = "<group>"; };
		533ED32B1528C53B0005C6FA /* libssl.a */ = {isa = PBXFileReference; lastKnownFileType = archive.ar; name = libssl.a; path = lib/libssl.a; sourceTree = "<group>"; };
		D68EB728158EF6AE0094053F /* Decoder.h */ = {isa = PBXFileReference; fileEncoding = 4; lastKnownFileType = sourcecode.c.h; path = Decoder.h; sourceTree = "<group>"; };
		D68EB729158EF6AE0094053F /* Exception.h */ = {isa = PBXFileReference; fileEncoding = 4; lastKnownFileType = sourcecode.c.h; path = Exception.h; sourceTree = "<group>"; };
		D68EB72A158EF6AE0094053F /* Image.h */ = {isa = PBXFileReference; fileEncoding = 4; lastKnownFileType = sourcecode.c.h; path = Image.h; sourceTree = "<group>"; };
		D68EB72B158EF6AE0094053F /* ImageScanner.h */ = {isa = PBXFileReference; fileEncoding = 4; lastKnownFileType = sourcecode.c.h; path = ImageScanner.h; sourceTree = "<group>"; };
		D68EB72C158EF6AE0094053F /* Processor.h */ = {isa = PBXFileReference; fileEncoding = 4; lastKnownFileType = sourcecode.c.h; path = Processor.h; sourceTree = "<group>"; };
		D68EB72D158EF6AE0094053F /* Scanner.h */ = {isa = PBXFileReference; fileEncoding = 4; lastKnownFileType = sourcecode.c.h; path = Scanner.h; sourceTree = "<group>"; };
		D68EB72E158EF6AE0094053F /* Symbol.h */ = {isa = PBXFileReference; fileEncoding = 4; lastKnownFileType = sourcecode.c.h; path = Symbol.h; sourceTree = "<group>"; };
		D68EB72F158EF6AE0094053F /* Video.h */ = {isa = PBXFileReference; fileEncoding = 4; lastKnownFileType = sourcecode.c.h; path = Video.h; sourceTree = "<group>"; };
		D68EB730158EF6AE0094053F /* Window.h */ = {isa = PBXFileReference; fileEncoding = 4; lastKnownFileType = sourcecode.c.h; path = Window.h; sourceTree = "<group>"; };
		D68EB731158EF6AE0094053F /* zbar.h */ = {isa = PBXFileReference; fileEncoding = 4; lastKnownFileType = sourcecode.c.h; path = zbar.h; sourceTree = "<group>"; };
		D68EB732158EF6AE0094053F /* ZBarCameraSimulator.h */ = {isa = PBXFileReference; fileEncoding = 4; lastKnownFileType = sourcecode.c.h; path = ZBarCameraSimulator.h; sourceTree = "<group>"; };
		D68EB733158EF6AE0094053F /* ZBarCaptureReader.h */ = {isa = PBXFileReference; fileEncoding = 4; lastKnownFileType = sourcecode.c.h; path = ZBarCaptureReader.h; sourceTree = "<group>"; };
		D68EB734158EF6AE0094053F /* ZBarHelpController.h */ = {isa = PBXFileReference; fileEncoding = 4; lastKnownFileType = sourcecode.c.h; path = ZBarHelpController.h; sourceTree = "<group>"; };
		D68EB735158EF6AE0094053F /* ZBarImage.h */ = {isa = PBXFileReference; fileEncoding = 4; lastKnownFileType = sourcecode.c.h; path = ZBarImage.h; sourceTree = "<group>"; };
		D68EB736158EF6AE0094053F /* ZBarImageScanner.h */ = {isa = PBXFileReference; fileEncoding = 4; lastKnownFileType = sourcecode.c.h; path = ZBarImageScanner.h; sourceTree = "<group>"; };
		D68EB737158EF6AE0094053F /* ZBarReaderController.h */ = {isa = PBXFileReference; fileEncoding = 4; lastKnownFileType = sourcecode.c.h; path = ZBarReaderController.h; sourceTree = "<group>"; };
		D68EB738158EF6AE0094053F /* ZBarReaderView.h */ = {isa = PBXFileReference; fileEncoding = 4; lastKnownFileType = sourcecode.c.h; path = ZBarReaderView.h; sourceTree = "<group>"; };
		D68EB739158EF6AE0094053F /* ZBarReaderViewController.h */ = {isa = PBXFileReference; fileEncoding = 4; lastKnownFileType = sourcecode.c.h; path = ZBarReaderViewController.h; sourceTree = "<group>"; };
		D68EB73A158EF6AE0094053F /* ZBarSDK.h */ = {isa = PBXFileReference; fileEncoding = 4; lastKnownFileType = sourcecode.c.h; path = ZBarSDK.h; sourceTree = "<group>"; };
		D68EB73B158EF6AE0094053F /* ZBarSymbol.h */ = {isa = PBXFileReference; fileEncoding = 4; lastKnownFileType = sourcecode.c.h; path = ZBarSymbol.h; sourceTree = "<group>"; };
		D68EB73C158EF6AE0094053F /* libzbar.a */ = {isa = PBXFileReference; lastKnownFileType = archive.ar; path = libzbar.a; sourceTree = "<group>"; };
		D68EB73E158EF6AE0094053F /* zbar-back.png */ = {isa = PBXFileReference; lastKnownFileType = image.png; path = "zbar-back.png"; sourceTree = "<group>"; };
		D68EB73F158EF6AE0094053F /* zbar-help.html */ = {isa = PBXFileReference; fileEncoding = 4; lastKnownFileType = text.html; path = "zbar-help.html"; sourceTree = "<group>"; };
		D68EB740158EF6AE0094053F /* zbar-helpicons.png */ = {isa = PBXFileReference; lastKnownFileType = image.png; path = "zbar-helpicons.png"; sourceTree = "<group>"; };
		D68EB741158EF6AE0094053F /* zbar-samples.png */ = {isa = PBXFileReference; lastKnownFileType = image.png; path = "zbar-samples.png"; sourceTree = "<group>"; };
		D68EB748158EF6E50094053F /* AVFoundation.framework */ = {isa = PBXFileReference; lastKnownFileType = wrapper.framework; name = AVFoundation.framework; path = System/Library/Frameworks/AVFoundation.framework; sourceTree = SDKROOT; };
		D68EB74A158EF6F10094053F /* CoreMedia.framework */ = {isa = PBXFileReference; lastKnownFileType = wrapper.framework; name = CoreMedia.framework; path = System/Library/Frameworks/CoreMedia.framework; sourceTree = SDKROOT; };
		D68EB74C158EF6FC0094053F /* CoreVideo.framework */ = {isa = PBXFileReference; lastKnownFileType = wrapper.framework; name = CoreVideo.framework; path = System/Library/Frameworks/CoreVideo.framework; sourceTree = SDKROOT; };
		D68EB74E158EF7040094053F /* QuartzCore.framework */ = {isa = PBXFileReference; lastKnownFileType = wrapper.framework; name = QuartzCore.framework; path = System/Library/Frameworks/QuartzCore.framework; sourceTree = SDKROOT; };
		D68EB750158EF70C0094053F /* libiconv.dylib */ = {isa = PBXFileReference; lastKnownFileType = "compiled.mach-o.dylib"; name = libiconv.dylib; path = usr/lib/libiconv.dylib; sourceTree = SDKROOT; };
		D6BC5A7D158EBFCB0003E83A /* private_key.pem */ = {isa = PBXFileReference; fileEncoding = 4; lastKnownFileType = text; path = private_key.pem; sourceTree = "<group>"; };
/* End PBXFileReference section */

/* Begin PBXFrameworksBuildPhase section */
		533ED2F81528C4840005C6FA /* Frameworks */ = {
			isa = PBXFrameworksBuildPhase;
			buildActionMask = 2147483647;
			files = (
				D68EB751158EF70C0094053F /* libiconv.dylib in Frameworks */,
				D68EB74F158EF7040094053F /* QuartzCore.framework in Frameworks */,
				D68EB74D158EF6FC0094053F /* CoreVideo.framework in Frameworks */,
				D68EB74B158EF6F10094053F /* CoreMedia.framework in Frameworks */,
				D68EB749158EF6E50094053F /* AVFoundation.framework in Frameworks */,
				533ED3001528C4840005C6FA /* UIKit.framework in Frameworks */,
				533ED3021528C4840005C6FA /* Foundation.framework in Frameworks */,
				533ED3041528C4840005C6FA /* CoreGraphics.framework in Frameworks */,
				533ED32C1528C53B0005C6FA /* libcrypto.a in Frameworks */,
				533ED32D1528C53B0005C6FA /* libssl.a in Frameworks */,
				D68EB742158EF6AE0094053F /* libzbar.a in Frameworks */,
			);
			runOnlyForDeploymentPostprocessing = 0;
		};
/* End PBXFrameworksBuildPhase section */

/* Begin PBXGroup section */
		533ED2F01528C4840005C6FA = {
			isa = PBXGroup;
			children = (
				D68EB750158EF70C0094053F /* libiconv.dylib */,
				D68EB74E158EF7040094053F /* QuartzCore.framework */,
				D68EB74C158EF6FC0094053F /* CoreVideo.framework */,
				D68EB74A158EF6F10094053F /* CoreMedia.framework */,
				D68EB748158EF6E50094053F /* AVFoundation.framework */,
				533ED3051528C4840005C6FA /* OpenSSL-for-iOS */,
				533ED2FE1528C4840005C6FA /* Frameworks */,
				533ED2FC1528C4840005C6FA /* Products */,
			);
			sourceTree = "<group>";
		};
		533ED2FC1528C4840005C6FA /* Products */ = {
			isa = PBXGroup;
			children = (
				533ED2FB1528C4840005C6FA /* OpenSSL.app */,
			);
			name = Products;
			sourceTree = "<group>";
		};
		533ED2FE1528C4840005C6FA /* Frameworks */ = {
			isa = PBXGroup;
			children = (
				533ED32A1528C53B0005C6FA /* libcrypto.a */,
				533ED32B1528C53B0005C6FA /* libssl.a */,
				533ED2FF1528C4840005C6FA /* UIKit.framework */,
				533ED3011528C4840005C6FA /* Foundation.framework */,
				533ED3031528C4840005C6FA /* CoreGraphics.framework */,
			);
			name = Frameworks;
			sourceTree = "<group>";
		};
		533ED3051528C4840005C6FA /* OpenSSL-for-iOS */ = {
			isa = PBXGroup;
			children = (
				533ED3291528C51A0005C6FA /* Ressources */,
				533ED30E1528C4840005C6FA /* AppDelegate.h */,
				533ED30F1528C4840005C6FA /* AppDelegate.m */,
				533ED3111528C4840005C6FA /* ViewController.h */,
				533ED3121528C4840005C6FA /* ViewController.m */,
				533ED3141528C4840005C6FA /* ViewController_iPhone.xib */,
				533ED3171528C4840005C6FA /* ViewController_iPad.xib */,
				533ED3061528C4840005C6FA /* Supporting Files */,
			);
			path = "OpenSSL-for-iOS";
			sourceTree = "<group>";
		};
		533ED3061528C4840005C6FA /* Supporting Files */ = {
			isa = PBXGroup;
			children = (
				533ED3071528C4840005C6FA /* OpenSSL-for-iOS-Info.plist */,
				533ED3081528C4840005C6FA /* InfoPlist.strings */,
				533ED30B1528C4840005C6FA /* main.m */,
				533ED30D1528C4840005C6FA /* OpenSSL-for-iOS-Prefix.pch */,
				D68EB724158EF6AE0094053F /* ZBarSDK */,
			);
			name = "Supporting Files";
			sourceTree = "<group>";
		};
		533ED3291528C51A0005C6FA /* Ressources */ = {
			isa = PBXGroup;
			children = (
				533ED3271528C5140005C6FA /* Icon~iPad@2x.png */,
				533ED3251528C4FA0005C6FA /* Icon~ipad.png */,
				533ED3211528C4960005C6FA /* Icon@2x.png */,
				533ED31F1528C4950005C6FA /* Icon.png */,
				D6BC5A7D158EBFCB0003E83A /* private_key.pem */,
			);
			name = Ressources;
			sourceTree = "<group>";
		};
		D68EB724158EF6AE0094053F /* ZBarSDK */ = {
			isa = PBXGroup;
			children = (
				D68EB725158EF6AE0094053F /* Headers */,
				D68EB73C158EF6AE0094053F /* libzbar.a */,
				D68EB73D158EF6AE0094053F /* Resources */,
			);
			path = ZBarSDK;
			sourceTree = "<group>";
		};
		D68EB725158EF6AE0094053F /* Headers */ = {
			isa = PBXGroup;
			children = (
				D68EB726158EF6AE0094053F /* ZBarSDK */,
			);
			path = Headers;
			sourceTree = "<group>";
		};
		D68EB726158EF6AE0094053F /* ZBarSDK */ = {
			isa = PBXGroup;
			children = (
				D68EB727158EF6AE0094053F /* zbar */,
				D68EB731158EF6AE0094053F /* zbar.h */,
				D68EB732158EF6AE0094053F /* ZBarCameraSimulator.h */,
				D68EB733158EF6AE0094053F /* ZBarCaptureReader.h */,
				D68EB734158EF6AE0094053F /* ZBarHelpController.h */,
				D68EB735158EF6AE0094053F /* ZBarImage.h */,
				D68EB736158EF6AE0094053F /* ZBarImageScanner.h */,
				D68EB737158EF6AE0094053F /* ZBarReaderController.h */,
				D68EB738158EF6AE0094053F /* ZBarReaderView.h */,
				D68EB739158EF6AE0094053F /* ZBarReaderViewController.h */,
				D68EB73A158EF6AE0094053F /* ZBarSDK.h */,
				D68EB73B158EF6AE0094053F /* ZBarSymbol.h */,
			);
			path = ZBarSDK;
			sourceTree = "<group>";
		};
		D68EB727158EF6AE0094053F /* zbar */ = {
			isa = PBXGroup;
			children = (
				D68EB728158EF6AE0094053F /* Decoder.h */,
				D68EB729158EF6AE0094053F /* Exception.h */,
				D68EB72A158EF6AE0094053F /* Image.h */,
				D68EB72B158EF6AE0094053F /* ImageScanner.h */,
				D68EB72C158EF6AE0094053F /* Processor.h */,
				D68EB72D158EF6AE0094053F /* Scanner.h */,
				D68EB72E158EF6AE0094053F /* Symbol.h */,
				D68EB72F158EF6AE0094053F /* Video.h */,
				D68EB730158EF6AE0094053F /* Window.h */,
			);
			path = zbar;
			sourceTree = "<group>";
		};
		D68EB73D158EF6AE0094053F /* Resources */ = {
			isa = PBXGroup;
			children = (
				D68EB73E158EF6AE0094053F /* zbar-back.png */,
				D68EB73F158EF6AE0094053F /* zbar-help.html */,
				D68EB740158EF6AE0094053F /* zbar-helpicons.png */,
				D68EB741158EF6AE0094053F /* zbar-samples.png */,
			);
			path = Resources;
			sourceTree = "<group>";
		};
/* End PBXGroup section */

/* Begin PBXNativeTarget section */
		533ED2FA1528C4840005C6FA /* OpenSSL-for-iOS */ = {
			isa = PBXNativeTarget;
			buildConfigurationList = 533ED31C1528C4840005C6FA /* Build configuration list for PBXNativeTarget "OpenSSL-for-iOS" */;
			buildPhases = (
				533ED2F71528C4840005C6FA /* Sources */,
				533ED2F81528C4840005C6FA /* Frameworks */,
				533ED2F91528C4840005C6FA /* Resources */,
			);
			buildRules = (
			);
			dependencies = (
			);
			name = "OpenSSL-for-iOS";
			productName = "OpenSSL-for-iOS";
			productReference = 533ED2FB1528C4840005C6FA /* OpenSSL.app */;
			productType = "com.apple.product-type.application";
		};
/* End PBXNativeTarget section */

/* Begin PBXProject section */
		533ED2F21528C4840005C6FA /* Project object */ = {
			isa = PBXProject;
			attributes = {
				LastUpgradeCheck = 0430;
				ORGANIZATIONNAME = Immobilienscout24;
			};
			buildConfigurationList = 533ED2F51528C4840005C6FA /* Build configuration list for PBXProject "OpenSSL-for-iOS" */;
			compatibilityVersion = "Xcode 3.2";
			developmentRegion = English;
			hasScannedForEncodings = 0;
			knownRegions = (
				en,
			);
			mainGroup = 533ED2F01528C4840005C6FA;
			productRefGroup = 533ED2FC1528C4840005C6FA /* Products */;
			projectDirPath = "";
			projectRoot = "";
			targets = (
				533ED2FA1528C4840005C6FA /* OpenSSL-for-iOS */,
			);
		};
/* End PBXProject section */

/* Begin PBXResourcesBuildPhase section */
		533ED2F91528C4840005C6FA /* Resources */ = {
			isa = PBXResourcesBuildPhase;
			buildActionMask = 2147483647;
			files = (
				533ED30A1528C4840005C6FA /* InfoPlist.strings in Resources */,
				533ED3161528C4840005C6FA /* ViewController_iPhone.xib in Resources */,
				533ED3191528C4840005C6FA /* ViewController_iPad.xib in Resources */,
				533ED3201528C4950005C6FA /* Icon.png in Resources */,
				533ED3221528C4960005C6FA /* Icon@2x.png in Resources */,
				533ED3261528C4FA0005C6FA /* Icon~ipad.png in Resources */,
				533ED3281528C5140005C6FA /* Icon~iPad@2x.png in Resources */,
				D6BC5A7E158EBFCB0003E83A /* private_key.pem in Resources */,
				D68EB743158EF6AE0094053F /* zbar-back.png in Resources */,
				D68EB744158EF6AE0094053F /* zbar-help.html in Resources */,
				D68EB745158EF6AE0094053F /* zbar-helpicons.png in Resources */,
				D68EB746158EF6AE0094053F /* zbar-samples.png in Resources */,
			);
			runOnlyForDeploymentPostprocessing = 0;
		};
/* End PBXResourcesBuildPhase section */

/* Begin PBXSourcesBuildPhase section */
		533ED2F71528C4840005C6FA /* Sources */ = {
			isa = PBXSourcesBuildPhase;
			buildActionMask = 2147483647;
			files = (
				533ED30C1528C4840005C6FA /* main.m in Sources */,
				533ED3101528C4840005C6FA /* AppDelegate.m in Sources */,
				533ED3131528C4840005C6FA /* ViewController.m in Sources */,
			);
			runOnlyForDeploymentPostprocessing = 0;
		};
/* End PBXSourcesBuildPhase section */

/* Begin PBXVariantGroup section */
		533ED3081528C4840005C6FA /* InfoPlist.strings */ = {
			isa = PBXVariantGroup;
			children = (
				533ED3091528C4840005C6FA /* en */,
			);
			name = InfoPlist.strings;
			sourceTree = "<group>";
		};
		533ED3141528C4840005C6FA /* ViewController_iPhone.xib */ = {
			isa = PBXVariantGroup;
			children = (
				533ED3151528C4840005C6FA /* en */,
			);
			name = ViewController_iPhone.xib;
			sourceTree = "<group>";
		};
		533ED3171528C4840005C6FA /* ViewController_iPad.xib */ = {
			isa = PBXVariantGroup;
			children = (
				533ED3181528C4840005C6FA /* en */,
			);
			name = ViewController_iPad.xib;
			sourceTree = "<group>";
		};
/* End PBXVariantGroup section */

/* Begin XCBuildConfiguration section */
		533ED31A1528C4840005C6FA /* Debug */ = {
			isa = XCBuildConfiguration;
			buildSettings = {
				ALWAYS_SEARCH_USER_PATHS = NO;
				ARCHS = "$(ARCHS_STANDARD_32_BIT)";
				CLANG_ENABLE_OBJC_ARC = YES;
				"CODE_SIGN_IDENTITY[sdk=iphoneos*]" = "iPhone Developer";
				COPY_PHASE_STRIP = NO;
				GCC_C_LANGUAGE_STANDARD = gnu99;
				GCC_DYNAMIC_NO_PIC = NO;
				GCC_OPTIMIZATION_LEVEL = 0;
				GCC_PREPROCESSOR_DEFINITIONS = (
					"DEBUG=1",
					"$(inherited)",
				);
				GCC_SYMBOLS_PRIVATE_EXTERN = NO;
				GCC_VERSION = com.apple.compilers.llvm.clang.1_0;
				GCC_WARN_ABOUT_RETURN_TYPE = YES;
				GCC_WARN_UNINITIALIZED_AUTOS = YES;
				GCC_WARN_UNUSED_VARIABLE = YES;
				HEADER_SEARCH_PATHS = "include/**";
				IPHONEOS_DEPLOYMENT_TARGET = 5.1;
				SDKROOT = iphoneos;
				TARGETED_DEVICE_FAMILY = "1,2";
			};
			name = Debug;
		};
		533ED31B1528C4840005C6FA /* Release */ = {
			isa = XCBuildConfiguration;
			buildSettings = {
				ALWAYS_SEARCH_USER_PATHS = NO;
				ARCHS = "$(ARCHS_STANDARD_32_BIT)";
				CLANG_ENABLE_OBJC_ARC = YES;
				"CODE_SIGN_IDENTITY[sdk=iphoneos*]" = "iPhone Developer";
				COPY_PHASE_STRIP = YES;
				GCC_C_LANGUAGE_STANDARD = gnu99;
				GCC_VERSION = com.apple.compilers.llvm.clang.1_0;
				GCC_WARN_ABOUT_RETURN_TYPE = YES;
				GCC_WARN_UNINITIALIZED_AUTOS = YES;
				GCC_WARN_UNUSED_VARIABLE = YES;
				HEADER_SEARCH_PATHS = "include/**";
				IPHONEOS_DEPLOYMENT_TARGET = 5.1;
				OTHER_CFLAGS = "-DNS_BLOCK_ASSERTIONS=1";
				SDKROOT = iphoneos;
				TARGETED_DEVICE_FAMILY = "1,2";
				VALIDATE_PRODUCT = YES;
			};
			name = Release;
		};
		533ED31D1528C4840005C6FA /* Debug */ = {
			isa = XCBuildConfiguration;
			buildSettings = {
				GCC_PRECOMPILE_PREFIX_HEADER = YES;
				GCC_PREFIX_HEADER = "OpenSSL-for-iOS/OpenSSL-for-iOS-Prefix.pch";
				INFOPLIST_FILE = "OpenSSL-for-iOS/OpenSSL-for-iOS-Info.plist";
				IPHONEOS_DEPLOYMENT_TARGET = 4.0;
				LIBRARY_SEARCH_PATHS = (
					"$(inherited)",
					"\"$(SRCROOT)/lib\"",
					"\"$(SRCROOT)/OpenSSL-for-iOS/ZBarSDK\"",
				);
				PRODUCT_NAME = OpenSSL;
				WRAPPER_EXTENSION = app;
			};
			name = Debug;
		};
		533ED31E1528C4840005C6FA /* Release */ = {
			isa = XCBuildConfiguration;
			buildSettings = {
				GCC_PRECOMPILE_PREFIX_HEADER = YES;
				GCC_PREFIX_HEADER = "OpenSSL-for-iOS/OpenSSL-for-iOS-Prefix.pch";
				INFOPLIST_FILE = "OpenSSL-for-iOS/OpenSSL-for-iOS-Info.plist";
				IPHONEOS_DEPLOYMENT_TARGET = 4.0;
				LIBRARY_SEARCH_PATHS = (
					"$(inherited)",
					"\"$(SRCROOT)/lib\"",
					"\"$(SRCROOT)/OpenSSL-for-iOS/ZBarSDK\"",
				);
				PRODUCT_NAME = OpenSSL;
				WRAPPER_EXTENSION = app;
			};
			name = Release;
		};
/* End XCBuildConfiguration section */

/* Begin XCConfigurationList section */
		533ED2F51528C4840005C6FA /* Build configuration list for PBXProject "OpenSSL-for-iOS" */ = {
			isa = XCConfigurationList;
			buildConfigurations = (
				533ED31A1528C4840005C6FA /* Debug */,
				533ED31B1528C4840005C6FA /* Release */,
			);
			defaultConfigurationIsVisible = 0;
			defaultConfigurationName = Release;
		};
		533ED31C1528C4840005C6FA /* Build configuration list for PBXNativeTarget "OpenSSL-for-iOS" */ = {
			isa = XCConfigurationList;
			buildConfigurations = (
				533ED31D1528C4840005C6FA /* Debug */,
				533ED31E1528C4840005C6FA /* Release */,
			);
			defaultConfigurationIsVisible = 0;
			defaultConfigurationName = Release;
		};
/* End XCConfigurationList section */
	};
	rootObject = 533ED2F21528C4840005C6FA /* Project object */;
}
